
Microsoft Visual Studio Solution File, Format Version 12.00
# Visual Studio Version 16
VisualStudioVersion = 16.0.29306.81
MinimumVisualStudioVersion = 10.0.40219.1
Project("{FAE04EC0-301F-11D3-BF4B-00C04F79EFBC}") = "Unzone.UWP", "Unzone\Unzone.UWP\Unzone.UWP.csproj", "{27BDD2D8-4D79-4837-81DC-D8A7851C6BC0}"
EndProject
Project("{FAE04EC0-301F-11D3-BF4B-00C04F79EFBC}") = "Unzone.Android", "Unzone\Unzone.Android\Unzone.Android.csproj", "{288E3FD1-D2FA-44BE-B7ED-840692E4DAFD}"
EndProject
Project("{FAE04EC0-301F-11D3-BF4B-00C04F79EFBC}") = "Unzone.iOS", "Unzone\Unzone.iOS\Unzone.iOS.csproj", "{EF300799-9D8D-4849-8EEA-17888ECAC602}"
EndProject
Project("{FAE04EC0-301F-11D3-BF4B-00C04F79EFBC}") = "Unzone", "Unzone\Unzone\Unzone.csproj", "{285B786F-29D2-4EC7-A6C6-E2C509673F82}"
EndProject
Global
	GlobalSection(SolutionConfigurationPlatforms) = preSolution
		Debug|Any CPU = Debug|Any CPU
		Debug|ARM = Debug|ARM
		Debug|iPhone = Debug|iPhone
		Debug|iPhoneSimulator = Debug|iPhoneSimulator
		Debug|x64 = Debug|x64
		Debug|x86 = Debug|x86
		Release|Any CPU = Release|Any CPU
		Release|ARM = Release|ARM
		Release|iPhone = Release|iPhone
		Release|iPhoneSimulator = Release|iPhoneSimulator
		Release|x64 = Release|x64
		Release|x86 = Release|x86
	EndGlobalSection
	GlobalSection(ProjectConfigurationPlatforms) = postSolution
		{27BDD2D8-4D79-4837-81DC-D8A7851C6BC0}.Debug|Any CPU.ActiveCfg = Debug|x86
		{27BDD2D8-4D79-4837-81DC-D8A7851C6BC0}.Debug|Any CPU.Build.0 = Debug|x86
		{27BDD2D8-4D79-4837-81DC-D8A7851C6BC0}.Debug|Any CPU.Deploy.0 = Debug|x86
		{27BDD2D8-4D79-4837-81DC-D8A7851C6BC0}.Debug|ARM.ActiveCfg = Debug|ARM
		{27BDD2D8-4D79-4837-81DC-D8A7851C6BC0}.Debug|ARM.Build.0 = Debug|ARM
		{27BDD2D8-4D79-4837-81DC-D8A7851C6BC0}.Debug|ARM.Deploy.0 = Debug|ARM
		{27BDD2D8-4D79-4837-81DC-D8A7851C6BC0}.Debug|iPhone.ActiveCfg = Debug|x86
		{27BDD2D8-4D79-4837-81DC-D8A7851C6BC0}.Debug|iPhone.Build.0 = Debug|x86
		{27BDD2D8-4D79-4837-81DC-D8A7851C6BC0}.Debug|iPhone.Deploy.0 = Debug|x86
		{27BDD2D8-4D79-4837-81DC-D8A7851C6BC0}.Debug|iPhoneSimulator.ActiveCfg = Debug|x86
		{27BDD2D8-4D79-4837-81DC-D8A7851C6BC0}.Debug|iPhoneSimulator.Build.0 = Debug|x86
		{27BDD2D8-4D79-4837-81DC-D8A7851C6BC0}.Debug|iPhoneSimulator.Deploy.0 = Debug|x86
		{27BDD2D8-4D79-4837-81DC-D8A7851C6BC0}.Debug|x64.ActiveCfg = Debug|x64
		{27BDD2D8-4D79-4837-81DC-D8A7851C6BC0}.Debug|x64.Build.0 = Debug|x64
		{27BDD2D8-4D79-4837-81DC-D8A7851C6BC0}.Debug|x64.Deploy.0 = Debug|x64
		{27BDD2D8-4D79-4837-81DC-D8A7851C6BC0}.Debug|x86.ActiveCfg = Debug|x86
		{27BDD2D8-4D79-4837-81DC-D8A7851C6BC0}.Debug|x86.Build.0 = Debug|x86
		{27BDD2D8-4D79-4837-81DC-D8A7851C6BC0}.Debug|x86.Deploy.0 = Debug|x86
		{27BDD2D8-4D79-4837-81DC-D8A7851C6BC0}.Release|Any CPU.ActiveCfg = Release|x86
		{27BDD2D8-4D79-4837-81DC-D8A7851C6BC0}.Release|Any CPU.Build.0 = Release|x86
		{27BDD2D8-4D79-4837-81DC-D8A7851C6BC0}.Release|Any CPU.Deploy.0 = Release|x86
		{27BDD2D8-4D79-4837-81DC-D8A7851C6BC0}.Release|ARM.ActiveCfg = Release|ARM
		{27BDD2D8-4D79-4837-81DC-D8A7851C6BC0}.Release|ARM.Build.0 = Release|ARM
		{27BDD2D8-4D79-4837-81DC-D8A7851C6BC0}.Release|ARM.Deploy.0 = Release|ARM
		{27BDD2D8-4D79-4837-81DC-D8A7851C6BC0}.Release|iPhone.ActiveCfg = Release|x86
		{27BDD2D8-4D79-4837-81DC-D8A7851C6BC0}.Release|iPhone.Build.0 = Release|x86
		{27BDD2D8-4D79-4837-81DC-D8A7851C6BC0}.Release|iPhone.Deploy.0 = Release|x86
		{27BDD2D8-4D79-4837-81DC-D8A7851C6BC0}.Release|iPhoneSimulator.ActiveCfg = Release|x86
		{27BDD2D8-4D79-4837-81DC-D8A7851C6BC0}.Release|iPhoneSimulator.Build.0 = Release|x86
		{27BDD2D8-4D79-4837-81DC-D8A7851C6BC0}.Release|iPhoneSimulator.Deploy.0 = Release|x86
		{27BDD2D8-4D79-4837-81DC-D8A7851C6BC0}.Release|x64.ActiveCfg = Release|x64
		{27BDD2D8-4D79-4837-81DC-D8A7851C6BC0}.Release|x64.Build.0 = Release|x64
		{27BDD2D8-4D79-4837-81DC-D8A7851C6BC0}.Release|x64.Deploy.0 = Release|x64
		{27BDD2D8-4D79-4837-81DC-D8A7851C6BC0}.Release|x86.ActiveCfg = Release|x86
		{27BDD2D8-4D79-4837-81DC-D8A7851C6BC0}.Release|x86.Build.0 = Release|x86
		{27BDD2D8-4D79-4837-81DC-D8A7851C6BC0}.Release|x86.Deploy.0 = Release|x86
		{288E3FD1-D2FA-44BE-B7ED-840692E4DAFD}.Debug|Any CPU.ActiveCfg = Debug|Any CPU
		{288E3FD1-D2FA-44BE-B7ED-840692E4DAFD}.Debug|Any CPU.Build.0 = Debug|Any CPU
		{288E3FD1-D2FA-44BE-B7ED-840692E4DAFD}.Debug|Any CPU.Deploy.0 = Debug|Any CPU
		{288E3FD1-D2FA-44BE-B7ED-840692E4DAFD}.Debug|ARM.ActiveCfg = Debug|Any CPU
		{288E3FD1-D2FA-44BE-B7ED-840692E4DAFD}.Debug|ARM.Build.0 = Debug|Any CPU
		{288E3FD1-D2FA-44BE-B7ED-840692E4DAFD}.Debug|ARM.Deploy.0 = Debug|Any CPU
		{288E3FD1-D2FA-44BE-B7ED-840692E4DAFD}.Debug|iPhone.ActiveCfg = Debug|Any CPU
		{288E3FD1-D2FA-44BE-B7ED-840692E4DAFD}.Debug|iPhone.Build.0 = Debug|Any CPU
		{288E3FD1-D2FA-44BE-B7ED-840692E4DAFD}.Debug|iPhone.Deploy.0 = Debug|Any CPU
		{288E3FD1-D2FA-44BE-B7ED-840692E4DAFD}.Debug|iPhoneSimulator.ActiveCfg = Debug|Any CPU
		{288E3FD1-D2FA-44BE-B7ED-840692E4DAFD}.Debug|iPhoneSimulator.Build.0 = Debug|Any CPU
		{288E3FD1-D2FA-44BE-B7ED-840692E4DAFD}.Debug|iPhoneSimulator.Deploy.0 = Debug|Any CPU
		{288E3FD1-D2FA-44BE-B7ED-840692E4DAFD}.Debug|x64.ActiveCfg = Debug|Any CPU
		{288E3FD1-D2FA-44BE-B7ED-840692E4DAFD}.Debug|x64.Build.0 = Debug|Any CPU
		{288E3FD1-D2FA-44BE-B7ED-840692E4DAFD}.Debug|x64.Deploy.0 = Debug|Any CPU
		{288E3FD1-D2FA-44BE-B7ED-840692E4DAFD}.Debug|x86.ActiveCfg = Debug|Any CPU
		{288E3FD1-D2FA-44BE-B7ED-840692E4DAFD}.Debug|x86.Build.0 = Debug|Any CPU
		{288E3FD1-D2FA-44BE-B7ED-840692E4DAFD}.Debug|x86.Deploy.0 = Debug|Any CPU
		{288E3FD1-D2FA-44BE-B7ED-840692E4DAFD}.Release|Any CPU.ActiveCfg = Release|Any CPU
		{288E3FD1-D2FA-44BE-B7ED-840692E4DAFD}.Release|Any CPU.Build.0 = Release|Any CPU
		{288E3FD1-D2FA-44BE-B7ED-840692E4DAFD}.Release|Any CPU.Deploy.0 = Release|Any CPU
		{288E3FD1-D2FA-44BE-B7ED-840692E4DAFD}.Release|ARM.ActiveCfg = Release|Any CPU
		{288E3FD1-D2FA-44BE-B7ED-840692E4DAFD}.Release|ARM.Build.0 = Release|Any CPU
		{288E3FD1-D2FA-44BE-B7ED-840692E4DAFD}.Release|ARM.Deploy.0 = Release|Any CPU
		{288E3FD1-D2FA-44BE-B7ED-840692E4DAFD}.Release|iPhone.ActiveCfg = Release|Any CPU
		{288E3FD1-D2FA-44BE-B7ED-840692E4DAFD}.Release|iPhone.Build.0 = Release|Any CPU
		{288E3FD1-D2FA-44BE-B7ED-840692E4DAFD}.Release|iPhone.Deploy.0 = Release|Any CPU
		{288E3FD1-D2FA-44BE-B7ED-840692E4DAFD}.Release|iPhoneSimulator.ActiveCfg = Release|Any CPU
		{288E3FD1-D2FA-44BE-B7ED-840692E4DAFD}.Release|iPhoneSimulator.Build.0 = Release|Any CPU
		{288E3FD1-D2FA-44BE-B7ED-840692E4DAFD}.Release|iPhoneSimulator.Deploy.0 = Release|Any CPU
		{288E3FD1-D2FA-44BE-B7ED-840692E4DAFD}.Release|x64.ActiveCfg = Release|Any CPU
		{288E3FD1-D2FA-44BE-B7ED-840692E4DAFD}.Release|x64.Build.0 = Release|Any CPU
		{288E3FD1-D2FA-44BE-B7ED-840692E4DAFD}.Release|x64.Deploy.0 = Release|Any CPU
		{288E3FD1-D2FA-44BE-B7ED-840692E4DAFD}.Release|x86.ActiveCfg = Release|Any CPU
		{288E3FD1-D2FA-44BE-B7ED-840692E4DAFD}.Release|x86.Build.0 = Release|Any CPU
		{288E3FD1-D2FA-44BE-B7ED-840692E4DAFD}.Release|x86.Deploy.0 = Release|Any CPU
		{EF300799-9D8D-4849-8EEA-17888ECAC602}.Debug|Any CPU.ActiveCfg = Debug|iPhone
		{EF300799-9D8D-4849-8EEA-17888ECAC602}.Debug|Any CPU.Build.0 = Debug|iPhone
		{EF300799-9D8D-4849-8EEA-17888ECAC602}.Debug|Any CPU.Deploy.0 = Debug|iPhone
		{EF300799-9D8D-4849-8EEA-17888ECAC602}.Debug|ARM.ActiveCfg = Debug|iPhoneSimulator
		{EF300799-9D8D-4849-8EEA-17888ECAC602}.Debug|ARM.Build.0 = Debug|iPhoneSimulator
		{EF300799-9D8D-4849-8EEA-17888ECAC602}.Debug|ARM.Deploy.0 = Debug|iPhoneSimulator
		{EF300799-9D8D-4849-8EEA-17888ECAC602}.Debug|iPhone.ActiveCfg = Debug|iPhone
		{EF300799-9D8D-4849-8EEA-17888ECAC602}.Debug|iPhone.Build.0 = Debug|iPhone
		{EF300799-9D8D-4849-8EEA-17888ECAC602}.Debug|iPhone.Deploy.0 = Debug|iPhone
		{EF300799-9D8D-4849-8EEA-17888ECAC602}.Debug|iPhoneSimulator.ActiveCfg = Debug|iPhoneSimulator
		{EF300799-9D8D-4849-8EEA-17888ECAC602}.Debug|iPhoneSimulator.Build.0 = Debug|iPhoneSimulator
		{EF300799-9D8D-4849-8EEA-17888ECAC602}.Debug|iPhoneSimulator.Deploy.0 = Debug|iPhoneSimulator
		{EF300799-9D8D-4849-8EEA-17888ECAC602}.Debug|x64.ActiveCfg = Debug|iPhone
		{EF300799-9D8D-4849-8EEA-17888ECAC602}.Debug|x64.Build.0 = Debug|iPhone
		{EF300799-9D8D-4849-8EEA-17888ECAC602}.Debug|x64.Deploy.0 = Debug|iPhone
		{EF300799-9D8D-4849-8EEA-17888ECAC602}.Debug|x86.ActiveCfg = Debug|iPhone
		{EF300799-9D8D-4849-8EEA-17888ECAC602}.Debug|x86.Build.0 = Debug|iPhone
		{EF300799-9D8D-4849-8EEA-17888ECAC602}.Debug|x86.Deploy.0 = Debug|iPhone
		{EF300799-9D8D-4849-8EEA-17888ECAC602}.Release|Any CPU.ActiveCfg = Release|iPhone
		{EF300799-9D8D-4849-8EEA-17888ECAC602}.Release|Any CPU.Build.0 = Release|iPhone
		{EF300799-9D8D-4849-8EEA-17888ECAC602}.Release|Any CPU.Deploy.0 = Release|iPhone
		{EF300799-9D8D-4849-8EEA-17888ECAC602}.Release|ARM.ActiveCfg = Release|iPhone
		{EF300799-9D8D-4849-8EEA-17888ECAC602}.Release|ARM.Build.0 = Release|iPhone
		{EF300799-9D8D-4849-8EEA-17888ECAC602}.Release|ARM.Deploy.0 = Release|iPhone
		{EF300799-9D8D-4849-8EEA-17888ECAC602}.Release|iPhone.ActiveCfg = Release|iPhone
		{EF300799-9D8D-4849-8EEA-17888ECAC602}.Release|iPhone.Build.0 = Release|iPhone
		{EF300799-9D8D-4849-8EEA-17888ECAC602}.Release|iPhone.Deploy.0 = Release|iPhone
		{EF300799-9D8D-4849-8EEA-17888ECAC602}.Release|iPhoneSimulator.ActiveCfg = Release|iPhoneSimulator
		{EF300799-9D8D-4849-8EEA-17888ECAC602}.Release|iPhoneSimulator.Build.0 = Release|iPhoneSimulator
		{EF300799-9D8D-4849-8EEA-17888ECAC602}.Release|iPhoneSimulator.Deploy.0 = Release|iPhoneSimulator
		{EF300799-9D8D-4849-8EEA-17888ECAC602}.Release|x64.ActiveCfg = Release|iPhone
		{EF300799-9D8D-4849-8EEA-17888ECAC602}.Release|x64.Build.0 = Release|iPhone
		{EF300799-9D8D-4849-8EEA-17888ECAC602}.Release|x64.Deploy.0 = Release|iPhone
		{EF300799-9D8D-4849-8EEA-17888ECAC602}.Release|x86.ActiveCfg = Release|iPhone
		{EF300799-9D8D-4849-8EEA-17888ECAC602}.Release|x86.Build.0 = Release|iPhone
		{EF300799-9D8D-4849-8EEA-17888ECAC602}.Release|x86.Deploy.0 = Release|iPhone
		{285B786F-29D2-4EC7-A6C6-E2C509673F82}.Debug|Any CPU.ActiveCfg = Debug|Any CPU
		{285B786F-29D2-4EC7-A6C6-E2C509673F82}.Debug|Any CPU.Build.0 = Debug|Any CPU
		{285B786F-29D2-4EC7-A6C6-E2C509673F82}.Debug|Any CPU.Deploy.0 = Debug|Any CPU
		{285B786F-29D2-4EC7-A6C6-E2C509673F82}.Debug|ARM.ActiveCfg = Debug|Any CPU
		{285B786F-29D2-4EC7-A6C6-E2C509673F82}.Debug|ARM.Build.0 = Debug|Any CPU
		{285B786F-29D2-4EC7-A6C6-E2C509673F82}.Debug|ARM.Deploy.0 = Debug|Any CPU
		{285B786F-29D2-4EC7-A6C6-E2C509673F82}.Debug|iPhone.ActiveCfg = Debug|Any CPU
		{285B786F-29D2-4EC7-A6C6-E2C509673F82}.Debug|iPhone.Build.0 = Debug|Any CPU
		{285B786F-29D2-4EC7-A6C6-E2C509673F82}.Debug|iPhone.Deploy.0 = Debug|Any CPU
		{285B786F-29D2-4EC7-A6C6-E2C509673F82}.Debug|iPhoneSimulator.ActiveCfg = Debug|Any CPU
		{285B786F-29D2-4EC7-A6C6-E2C509673F82}.Debug|iPhoneSimulator.Build.0 = Debug|Any CPU
		{285B786F-29D2-4EC7-A6C6-E2C509673F82}.Debug|iPhoneSimulator.Deploy.0 = Debug|Any CPU
		{285B786F-29D2-4EC7-A6C6-E2C509673F82}.Debug|x64.ActiveCfg = Debug|Any CPU
		{285B786F-29D2-4EC7-A6C6-E2C509673F82}.Debug|x64.Build.0 = Debug|Any CPU
		{285B786F-29D2-4EC7-A6C6-E2C509673F82}.Debug|x64.Deploy.0 = Debug|Any CPU
		{285B786F-29D2-4EC7-A6C6-E2C509673F82}.Debug|x86.ActiveCfg = Debug|Any CPU
		{285B786F-29D2-4EC7-A6C6-E2C509673F82}.Debug|x86.Build.0 = Debug|Any CPU
		{285B786F-29D2-4EC7-A6C6-E2C509673F82}.Debug|x86.Deploy.0 = Debug|Any CPU
		{285B786F-29D2-4EC7-A6C6-E2C509673F82}.Release|Any CPU.ActiveCfg = Release|Any CPU
		{285B786F-29D2-4EC7-A6C6-E2C509673F82}.Release|Any CPU.Build.0 = Release|Any CPU
		{285B786F-29D2-4EC7-A6C6-E2C509673F82}.Release|Any CPU.Deploy.0 = Release|Any CPU
		{285B786F-29D2-4EC7-A6C6-E2C509673F82}.Release|ARM.ActiveCfg = Release|Any CPU
		{285B786F-29D2-4EC7-A6C6-E2C509673F82}.Release|ARM.Build.0 = Release|Any CPU
		{285B786F-29D2-4EC7-A6C6-E2C509673F82}.Release|ARM.Deploy.0 = Release|Any CPU
		{285B786F-29D2-4EC7-A6C6-E2C509673F82}.Release|iPhone.ActiveCfg = Release|Any CPU
		{285B786F-29D2-4EC7-A6C6-E2C509673F82}.Release|iPhone.Build.0 = Release|Any CPU
		{285B786F-29D2-4EC7-A6C6-E2C509673F82}.Release|iPhone.Deploy.0 = Release|Any CPU
		{285B786F-29D2-4EC7-A6C6-E2C509673F82}.Release|iPhoneSimulator.ActiveCfg = Release|Any CPU
		{285B786F-29D2-4EC7-A6C6-E2C509673F82}.Release|iPhoneSimulator.Build.0 = Release|Any CPU
		{285B786F-29D2-4EC7-A6C6-E2C509673F82}.Release|iPhoneSimulator.Deploy.0 = Release|Any CPU
		{285B786F-29D2-4EC7-A6C6-E2C509673F82}.Release|x64.ActiveCfg = Release|Any CPU
		{285B786F-29D2-4EC7-A6C6-E2C509673F82}.Release|x64.Build.0 = Release|Any CPU
		{285B786F-29D2-4EC7-A6C6-E2C509673F82}.Release|x64.Deploy.0 = Release|Any CPU
		{285B786F-29D2-4EC7-A6C6-E2C509673F82}.Release|x86.ActiveCfg = Release|Any CPU
		{285B786F-29D2-4EC7-A6C6-E2C509673F82}.Release|x86.Build.0 = Release|Any CPU
		{285B786F-29D2-4EC7-A6C6-E2C509673F82}.Release|x86.Deploy.0 = Release|Any CPU
	EndGlobalSection
	GlobalSection(SolutionProperties) = preSolution
		HideSolutionNode = FALSE
	EndGlobalSection
	GlobalSection(ExtensibilityGlobals) = postSolution
		SolutionGuid = {8A4FB064-9BA5-4072-AB18-B13EDE88474C}
	EndGlobalSection
EndGlobal
